
Microsoft Visual Studio Solution File, Format Version 12.00
# Visual Studio Version 18
VisualStudioVersion = 18.0.11205.157 d18.0
MinimumVisualStudioVersion = 10.0.40219.1
Project("{FAE04EC0-301F-11D3-BF4B-00C04F79EFBC}") = "TechInterview.AppHost", "src\TechInterview.AppHost\TechInterview.AppHost.csproj", "{30E216CB-D3C7-4E52-B667-53F824EA5A06}"
EndProject
Project("{FAE04EC0-301F-11D3-BF4B-00C04F79EFBC}") = "TechInterview.ServiceDefaults", "src\TechInterview.ServiceDefaults\TechInterview.ServiceDefaults.csproj", "{3675D019-8408-4628-A5A4-70A3DCD9FD12}"
EndProject
Project("{FAE04EC0-301F-11D3-BF4B-00C04F79EFBC}") = "TechInterview.Web", "src\TechInterview.Web\TechInterview.Web.csproj", "{19F11664-B6B8-4165-8C4E-C53E71C4A348}"
EndProject
Project("{FAE04EC0-301F-11D3-BF4B-00C04F79EFBC}") = "FlightsService", "src\FlightsService\FlightsService.csproj", "{6E768C2D-4666-4938-9DCD-D5D2527C5976}"
EndProject
Project("{FAE04EC0-301F-11D3-BF4B-00C04F79EFBC}") = "AirportsService", "src\AirportsService\AirportsService.csproj", "{66DD7A00-3EC6-4DE0-88C1-023F58E1D962}"
EndProject
Project("{FAE04EC0-301F-11D3-BF4B-00C04F79EFBC}") = "GlobalSearchService", "src\GlobalSearchService\GlobalSearchService.csproj", "{F9B83498-26CC-426D-8243-70BC2197D616}"
EndProject
Project("{2150E333-8FDC-42A3-9474-1A3956D46DE8}") = "Solution Items", "Solution Items", "{489008B7-9FC4-4632-A8A2-4307FD4B3B5E}"
	ProjectSection(SolutionItems) = preProject
		README.md = README.md
	EndProjectSection
EndProject
Global
	GlobalSection(SolutionConfigurationPlatforms) = preSolution
		Debug|Any CPU = Debug|Any CPU
		Release|Any CPU = Release|Any CPU
	EndGlobalSection
	GlobalSection(ProjectConfigurationPlatforms) = postSolution
		{30E216CB-D3C7-4E52-B667-53F824EA5A06}.Debug|Any CPU.ActiveCfg = Debug|Any CPU
		{30E216CB-D3C7-4E52-B667-53F824EA5A06}.Debug|Any CPU.Build.0 = Debug|Any CPU
		{30E216CB-D3C7-4E52-B667-53F824EA5A06}.Release|Any CPU.ActiveCfg = Release|Any CPU
		{30E216CB-D3C7-4E52-B667-53F824EA5A06}.Release|Any CPU.Build.0 = Release|Any CPU
		{3675D019-8408-4628-A5A4-70A3DCD9FD12}.Debug|Any CPU.ActiveCfg = Debug|Any CPU
		{3675D019-8408-4628-A5A4-70A3DCD9FD12}.Debug|Any CPU.Build.0 = Debug|Any CPU
		{3675D019-8408-4628-A5A4-70A3DCD9FD12}.Release|Any CPU.ActiveCfg = Release|Any CPU
		{3675D019-8408-4628-A5A4-70A3DCD9FD12}.Release|Any CPU.Build.0 = Release|Any CPU
		{19F11664-B6B8-4165-8C4E-C53E71C4A348}.Debug|Any CPU.ActiveCfg = Debug|Any CPU
		{19F11664-B6B8-4165-8C4E-C53E71C4A348}.Debug|Any CPU.Build.0 = Debug|Any CPU
		{19F11664-B6B8-4165-8C4E-C53E71C4A348}.Release|Any CPU.ActiveCfg = Release|Any CPU
		{19F11664-B6B8-4165-8C4E-C53E71C4A348}.Release|Any CPU.Build.0 = Release|Any CPU
		{6E768C2D-4666-4938-9DCD-D5D2527C5976}.Debug|Any CPU.ActiveCfg = Debug|Any CPU
		{6E768C2D-4666-4938-9DCD-D5D2527C5976}.Debug|Any CPU.Build.0 = Debug|Any CPU
		{6E768C2D-4666-4938-9DCD-D5D2527C5976}.Release|Any CPU.ActiveCfg = Release|Any CPU
		{6E768C2D-4666-4938-9DCD-D5D2527C5976}.Release|Any CPU.Build.0 = Release|Any CPU
		{66DD7A00-3EC6-4DE0-88C1-023F58E1D962}.Debug|Any CPU.ActiveCfg = Debug|Any CPU
		{66DD7A00-3EC6-4DE0-88C1-023F58E1D962}.Debug|Any CPU.Build.0 = Debug|Any CPU
		{66DD7A00-3EC6-4DE0-88C1-023F58E1D962}.Release|Any CPU.ActiveCfg = Release|Any CPU
		{66DD7A00-3EC6-4DE0-88C1-023F58E1D962}.Release|Any CPU.Build.0 = Release|Any CPU
		{F9B83498-26CC-426D-8243-70BC2197D616}.Debug|Any CPU.ActiveCfg = Debug|Any CPU
		{F9B83498-26CC-426D-8243-70BC2197D616}.Debug|Any CPU.Build.0 = Debug|Any CPU
		{F9B83498-26CC-426D-8243-70BC2197D616}.Release|Any CPU.ActiveCfg = Release|Any CPU
		{F9B83498-26CC-426D-8243-70BC2197D616}.Release|Any CPU.Build.0 = Release|Any CPU
	EndGlobalSection
	GlobalSection(SolutionProperties) = preSolution
		HideSolutionNode = FALSE
	EndGlobalSection
	GlobalSection(ExtensibilityGlobals) = postSolution
		SolutionGuid = {1B431748-7183-479F-A72D-59E55D81A794}
	EndGlobalSection
EndGlobal
